
Microsoft Visual Studio Solution File, Format Version 12.00
# Visual Studio Version 17
VisualStudioVersion = 17.0.31903.59
MinimumVisualStudioVersion = 10.0.40219.1
Project("{9A19103F-16F7-4668-BE54-9A1E7A4F7556}") = "VMTranslator", "VMTranslator.csproj", "{83DF7044-48DC-485E-9D3D-DA6E36010A01}"
EndProject
Global
	GlobalSection(SolutionConfigurationPlatforms) = preSolution
		Debug|Any CPU = Debug|Any CPU
		Release|Any CPU = Release|Any CPU
	EndGlobalSection
	GlobalSection(ProjectConfigurationPlatforms) = postSolution
		{83DF7044-48DC-485E-9D3D-DA6E36010A01}.Debug|Any CPU.ActiveCfg = Debug|Any CPU
		{83DF7044-48DC-485E-9D3D-DA6E36010A01}.Debug|Any CPU.Build.0 = Debug|Any CPU
		{83DF7044-48DC-485E-9D3D-DA6E36010A01}.Release|Any CPU.ActiveCfg = Release|Any CPU
		{83DF7044-48DC-485E-9D3D-DA6E36010A01}.Release|Any CPU.Build.0 = Release|Any CPU
	EndGlobalSection
	GlobalSection(SolutionProperties) = preSolution
		HideSolutionNode = FALSE
	EndGlobalSection
EndGlobal
